
Microsoft Visual Studio Solution File, Format Version 12.00
# Visual Studio Version 16
VisualStudioVersion = 16.0.29230.47
MinimumVisualStudioVersion = 10.0.40219.1
Project("{8BC9CEB8-8B4A-11D0-8D11-00A0C91BC942}") = "Heatmap", "Heatmap.vcxproj", "{95F50422-B0D5-44A4-8A83-3B56BFC6B7B0}"
EndProject
Global
	GlobalSection(SolutionConfigurationPlatforms) = preSolution
		Debug|x64 = Debug|x64
		Release|x64 = Release|x64
	EndGlobalSection
	GlobalSection(ProjectConfigurationPlatforms) = postSolution
		{95F50422-B0D5-44A4-8A83-3B56BFC6B7B0}.Debug|x64.ActiveCfg = Debug|x64
		{95F50422-B0D5-44A4-8A83-3B56BFC6B7B0}.Debug|x64.Build.0 = Debug|x64
		{95F50422-B0D5-44A4-8A83-3B56BFC6B7B0}.Release|x64.ActiveCfg = Release|x64
		{95F50422-B0D5-44A4-8A83-3B56BFC6B7B0}.Release|x64.Build.0 = Release|x64
	EndGlobalSection
	GlobalSection(SolutionProperties) = preSolution
		HideSolutionNode = FALSE
	EndGlobalSection
	GlobalSection(ExtensibilityGlobals) = postSolution
		SolutionGuid = {6B60736E-491D-46DB-B927-593F9A8CEDF2}
	EndGlobalSection
EndGlobal
